
Microsoft Visual Studio Solution File, Format Version 12.00
# Visual Studio Version 17
VisualStudioVersion = 17.12.35728.132 d17.12
MinimumVisualStudioVersion = 10.0.40219.1
Project("{FAE04EC0-301F-11D3-BF4B-00C04F79EFBC}") = "libraryProj", "libraryProj\libraryProj.csproj", "{A1379AC2-04C0-433C-842D-6DDD83C2E6AF}"
EndProject
Project("{FAE04EC0-301F-11D3-BF4B-00C04F79EFBC}") = "libraryProject.Business", "libraryProject.Business\libraryProject.Business.csproj", "{8132011A-7395-471B-90E8-187F0F2C2627}"
EndProject
Project("{FAE04EC0-301F-11D3-BF4B-00C04F79EFBC}") = "libraryProject.DataAccess", "libraryProject.DataAccess\libraryProject.DataAccess.csproj", "{F001491D-1248-45D8-8A7D-6F333093726D}"
EndProject
Project("{FAE04EC0-301F-11D3-BF4B-00C04F79EFBC}") = "libraryProject.Entities", "libraryProject.Entities\libraryProject.Entities.csproj", "{46294312-6213-416C-83FC-E941AD945C9B}"
EndProject
Project("{FAE04EC0-301F-11D3-BF4B-00C04F79EFBC}") = "libraryProject.UI", "libraryProject.UI\libraryProject.UI.csproj", "{C1A5A8AC-EA51-4B33-9AE5-4CC1645B4274}"
EndProject
Global
	GlobalSection(SolutionConfigurationPlatforms) = preSolution
		Debug|Any CPU = Debug|Any CPU
		Release|Any CPU = Release|Any CPU
	EndGlobalSection
	GlobalSection(ProjectConfigurationPlatforms) = postSolution
		{A1379AC2-04C0-433C-842D-6DDD83C2E6AF}.Debug|Any CPU.ActiveCfg = Debug|Any CPU
		{A1379AC2-04C0-433C-842D-6DDD83C2E6AF}.Debug|Any CPU.Build.0 = Debug|Any CPU
		{A1379AC2-04C0-433C-842D-6DDD83C2E6AF}.Release|Any CPU.ActiveCfg = Release|Any CPU
		{A1379AC2-04C0-433C-842D-6DDD83C2E6AF}.Release|Any CPU.Build.0 = Release|Any CPU
		{8132011A-7395-471B-90E8-187F0F2C2627}.Debug|Any CPU.ActiveCfg = Debug|Any CPU
		{8132011A-7395-471B-90E8-187F0F2C2627}.Debug|Any CPU.Build.0 = Debug|Any CPU
		{8132011A-7395-471B-90E8-187F0F2C2627}.Release|Any CPU.ActiveCfg = Release|Any CPU
		{8132011A-7395-471B-90E8-187F0F2C2627}.Release|Any CPU.Build.0 = Release|Any CPU
		{F001491D-1248-45D8-8A7D-6F333093726D}.Debug|Any CPU.ActiveCfg = Debug|Any CPU
		{F001491D-1248-45D8-8A7D-6F333093726D}.Debug|Any CPU.Build.0 = Debug|Any CPU
		{F001491D-1248-45D8-8A7D-6F333093726D}.Release|Any CPU.ActiveCfg = Release|Any CPU
		{F001491D-1248-45D8-8A7D-6F333093726D}.Release|Any CPU.Build.0 = Release|Any CPU
		{46294312-6213-416C-83FC-E941AD945C9B}.Debug|Any CPU.ActiveCfg = Debug|Any CPU
		{46294312-6213-416C-83FC-E941AD945C9B}.Debug|Any CPU.Build.0 = Debug|Any CPU
		{46294312-6213-416C-83FC-E941AD945C9B}.Release|Any CPU.ActiveCfg = Release|Any CPU
		{46294312-6213-416C-83FC-E941AD945C9B}.Release|Any CPU.Build.0 = Release|Any CPU
		{C1A5A8AC-EA51-4B33-9AE5-4CC1645B4274}.Debug|Any CPU.ActiveCfg = Debug|Any CPU
		{C1A5A8AC-EA51-4B33-9AE5-4CC1645B4274}.Debug|Any CPU.Build.0 = Debug|Any CPU
		{C1A5A8AC-EA51-4B33-9AE5-4CC1645B4274}.Release|Any CPU.ActiveCfg = Release|Any CPU
		{C1A5A8AC-EA51-4B33-9AE5-4CC1645B4274}.Release|Any CPU.Build.0 = Release|Any CPU
	EndGlobalSection
	GlobalSection(SolutionProperties) = preSolution
		HideSolutionNode = FALSE
	EndGlobalSection
EndGlobal
